// !$*UTF8*$!
{
	archiveVersion = 1;
	classes = {
	};
	objectVersion = 46;
	objects = {

/* Begin PBXBuildFile section */
		07298FBE1C665472009B4A24 /* GoingListView.swift in Sources */ = {isa = PBXBuildFile; fileRef = 07298FBD1C665472009B4A24 /* GoingListView.swift */; };
		07298FC01C668D27009B4A24 /* UserCell.swift in Sources */ = {isa = PBXBuildFile; fileRef = 07298FBF1C668D27009B4A24 /* UserCell.swift */; };
		079B0D031C6AF4AA006DE290 /* ParseFacebookUtilsV4.framework in Frameworks */ = {isa = PBXBuildFile; fileRef = 079B0D021C6AF4AA006DE290 /* ParseFacebookUtilsV4.framework */; };
		079B0D061C6AF4D3006DE290 /* FBSDKCoreKit.framework in Frameworks */ = {isa = PBXBuildFile; fileRef = 079B0D041C6AF4D3006DE290 /* FBSDKCoreKit.framework */; };
		079B0D071C6AF4D3006DE290 /* FBSDKLoginKit.framework in Frameworks */ = {isa = PBXBuildFile; fileRef = 079B0D051C6AF4D3006DE290 /* FBSDKLoginKit.framework */; };
		07BC86EE1C5E9C6700439539 /* CustomPinAnnotation.swift in Sources */ = {isa = PBXBuildFile; fileRef = 07BC86ED1C5E9C6700439539 /* CustomPinAnnotation.swift */; };
		07BC86F41C5EA2B100439539 /* MoveDetails.swift in Sources */ = {isa = PBXBuildFile; fileRef = 07BC86F31C5EA2B100439539 /* MoveDetails.swift */; };
		07EB6AC81C5AF51F0091BA6E /* Bolts.framework in Frameworks */ = {isa = PBXBuildFile; fileRef = 07EB6AC31C5AF51F0091BA6E /* Bolts.framework */; };
		07EB6ACB1C5AF51F0091BA6E /* FBSDKShareKit.framework in Frameworks */ = {isa = PBXBuildFile; fileRef = 07EB6AC61C5AF51F0091BA6E /* FBSDKShareKit.framework */; };
		07EB6AD41C5B2B000091BA6E /* MapKit.framework in Frameworks */ = {isa = PBXBuildFile; fileRef = 07EB6AD31C5B2B000091BA6E /* MapKit.framework */; };
		639C55CC1C67848D000FCBCD /* Explore.swift in Sources */ = {isa = PBXBuildFile; fileRef = 639C55CB1C67848D000FCBCD /* Explore.swift */; };
		63BDB7D51C4A1D0600D31303 /* headerCollectionReusableView.swift in Sources */ = {isa = PBXBuildFile; fileRef = 63BDB7D41C4A1D0600D31303 /* headerCollectionReusableView.swift */; };
		63BDB7E51C4CA80C00D31303 /* ExploreCell.swift in Sources */ = {isa = PBXBuildFile; fileRef = 63BDB7E41C4CA80C00D31303 /* ExploreCell.swift */; };
		63BDB7E71C4D30BD00D31303 /* ExploreHeader.swift in Sources */ = {isa = PBXBuildFile; fileRef = 63BDB7E61C4D30BD00D31303 /* ExploreHeader.swift */; };
		63BDB7E91C4E0C3100D31303 /* ExploreVenue.swift in Sources */ = {isa = PBXBuildFile; fileRef = 63BDB7E81C4E0C3100D31303 /* ExploreVenue.swift */; };
		63BDB7EB1C4E1F3E00D31303 /* ExplorePeople.swift in Sources */ = {isa = PBXBuildFile; fileRef = 63BDB7EA1C4E1F3E00D31303 /* ExplorePeople.swift */; };
		63BDB7ED1C4E28A600D31303 /* Profile.swift in Sources */ = {isa = PBXBuildFile; fileRef = 63BDB7EC1C4E28A600D31303 /* Profile.swift */; };
		63BDB7F41C4F6F9900D31303 /* ProfileHeader.swift in Sources */ = {isa = PBXBuildFile; fileRef = 63BDB7F31C4F6F9900D31303 /* ProfileHeader.swift */; };
		63BDB7F61C4F765500D31303 /* Settings.swift in Sources */ = {isa = PBXBuildFile; fileRef = 63BDB7F51C4F765500D31303 /* Settings.swift */; };
		63BDB8101C50BF4B00D31303 /* FBSDKMessengerShareKit.framework in Frameworks */ = {isa = PBXBuildFile; fileRef = 63BDB80A1C50BF4B00D31303 /* FBSDKMessengerShareKit.framework */; };
		63BDB8131C50BF4B00D31303 /* FBAudienceNetwork.framework in Frameworks */ = {isa = PBXBuildFile; fileRef = 63BDB80D1C50BF4B00D31303 /* FBAudienceNetwork.framework */; };
		63BDB8161C50C5F200D31303 /* FacebookLoginScreen.swift in Sources */ = {isa = PBXBuildFile; fileRef = 63BDB8151C50C5F200D31303 /* FacebookLoginScreen.swift */; };
		63BDB81C1C51421500D31303 /* Accounts.framework in Frameworks */ = {isa = PBXBuildFile; fileRef = 63BDB81B1C51421500D31303 /* Accounts.framework */; };
		63BDB81E1C51423B00D31303 /* Social.framework in Frameworks */ = {isa = PBXBuildFile; fileRef = 63BDB81D1C51423B00D31303 /* Social.framework */; };
		63BDB8211C51D9EA00D31303 /* ProtectedPage.swift in Sources */ = {isa = PBXBuildFile; fileRef = 63BDB8201C51D9EA00D31303 /* ProtectedPage.swift */; };
		63ED88471C70F0F700A4A571 /* MapViewColor.swift in Sources */ = {isa = PBXBuildFile; fileRef = 63ED88461C70F0F700A4A571 /* MapViewColor.swift */; };
		63F144E21C777E000039F2A0 /* PrivacyPolicy.swift in Sources */ = {isa = PBXBuildFile; fileRef = 63F144E11C777E000039F2A0 /* PrivacyPolicy.swift */; };
		63F144E41C777E200039F2A0 /* About.swift in Sources */ = {isa = PBXBuildFile; fileRef = 63F144E31C777E200039F2A0 /* About.swift */; };
		63F144E61C777E3C0039F2A0 /* TermsConditions.swift in Sources */ = {isa = PBXBuildFile; fileRef = 63F144E51C777E3C0039F2A0 /* TermsConditions.swift */; };
		63F144EA1C7787470039F2A0 /* ppWebFile.html in Resources */ = {isa = PBXBuildFile; fileRef = 63F144E91C7787470039F2A0 /* ppWebFile.html */; };
		63F144EC1C7789320039F2A0 /* tcWebFile.html in Resources */ = {isa = PBXBuildFile; fileRef = 63F144EB1C7789320039F2A0 /* tcWebFile.html */; };
		63F3EA631C6A84880005A188 /* Podfile in Resources */ = {isa = PBXBuildFile; fileRef = 63F3EA621C6A84880005A188 /* Podfile */; };
		720B19091B5E7B69008D261F /* AppDelegate.swift in Sources */ = {isa = PBXBuildFile; fileRef = 720B19081B5E7B69008D261F /* AppDelegate.swift */; };
		720B190E1B5E7B69008D261F /* Main.storyboard in Resources */ = {isa = PBXBuildFile; fileRef = 720B190C1B5E7B69008D261F /* Main.storyboard */; };
		720B19101B5E7B69008D261F /* Images.xcassets in Resources */ = {isa = PBXBuildFile; fileRef = 720B190F1B5E7B69008D261F /* Images.xcassets */; };
		720B19291B5E7BB6008D261F /* Configs.swift in Sources */ = {isa = PBXBuildFile; fileRef = 720B19281B5E7BB6008D261F /* Configs.swift */; };
		720B19321B5E8824008D261F /* Home.swift in Sources */ = {isa = PBXBuildFile; fileRef = 720B19311B5E8824008D261F /* Home.swift */; };
		720B19341B5E8834008D261F /* EventCell.swift in Sources */ = {isa = PBXBuildFile; fileRef = 720B19331B5E8834008D261F /* EventCell.swift */; };
		720B193C1B5E8C39008D261F /* AudioToolbox.framework in Frameworks */ = {isa = PBXBuildFile; fileRef = 720B193B1B5E8C39008D261F /* AudioToolbox.framework */; };
		720B193E1B5E8C3D008D261F /* CFNetwork.framework in Frameworks */ = {isa = PBXBuildFile; fileRef = 720B193D1B5E8C3D008D261F /* CFNetwork.framework */; };
		720B19401B5E8C41008D261F /* CoreGraphics.framework in Frameworks */ = {isa = PBXBuildFile; fileRef = 720B193F1B5E8C41008D261F /* CoreGraphics.framework */; };
		720B19421B5E8C45008D261F /* CoreLocation.framework in Frameworks */ = {isa = PBXBuildFile; fileRef = 720B19411B5E8C45008D261F /* CoreLocation.framework */; };
		720B19441B5E8C49008D261F /* MobileCoreServices.framework in Frameworks */ = {isa = PBXBuildFile; fileRef = 720B19431B5E8C49008D261F /* MobileCoreServices.framework */; };
		720B19461B5E8C4D008D261F /* QuartzCore.framework in Frameworks */ = {isa = PBXBuildFile; fileRef = 720B19451B5E8C4D008D261F /* QuartzCore.framework */; };
		720B19481B5E8C50008D261F /* Security.framework in Frameworks */ = {isa = PBXBuildFile; fileRef = 720B19471B5E8C50008D261F /* Security.framework */; };
		720B194A1B5E8C55008D261F /* StoreKit.framework in Frameworks */ = {isa = PBXBuildFile; fileRef = 720B19491B5E8C55008D261F /* StoreKit.framework */; };
		720B194C1B5E8C59008D261F /* SystemConfiguration.framework in Frameworks */ = {isa = PBXBuildFile; fileRef = 720B194B1B5E8C59008D261F /* SystemConfiguration.framework */; };
		7244CC951B6F5C7B009753C2 /* AdSupport.framework in Frameworks */ = {isa = PBXBuildFile; fileRef = 7244CC941B6F5C7B009753C2 /* AdSupport.framework */; };
		7244CC971B6F5C83009753C2 /* AVFoundation.framework in Frameworks */ = {isa = PBXBuildFile; fileRef = 7244CC961B6F5C83009753C2 /* AVFoundation.framework */; };
		7244CC991B6F5C8B009753C2 /* CoreMedia.framework in Frameworks */ = {isa = PBXBuildFile; fileRef = 7244CC981B6F5C8B009753C2 /* CoreMedia.framework */; };
		7244CC9B1B6F5C8F009753C2 /* CoreTelephony.framework in Frameworks */ = {isa = PBXBuildFile; fileRef = 7244CC9A1B6F5C8F009753C2 /* CoreTelephony.framework */; };
		7244CC9D1B6F5C97009753C2 /* EventKit.framework in Frameworks */ = {isa = PBXBuildFile; fileRef = 7244CC9C1B6F5C97009753C2 /* EventKit.framework */; };
		7244CC9F1B6F5C9B009753C2 /* EventKitUI.framework in Frameworks */ = {isa = PBXBuildFile; fileRef = 7244CC9E1B6F5C9B009753C2 /* EventKitUI.framework */; };
		7244CCA11B6F5CA0009753C2 /* MessageUI.framework in Frameworks */ = {isa = PBXBuildFile; fileRef = 7244CCA01B6F5CA0009753C2 /* MessageUI.framework */; };
		7297FBE91B6CBE72004DE5E3 /* Contact.swift in Sources */ = {isa = PBXBuildFile; fileRef = 7297FBE81B6CBE72004DE5E3 /* Contact.swift */; };
		7297FBEB1B6CD0ED004DE5E3 /* Bolts.framework in Frameworks */ = {isa = PBXBuildFile; fileRef = 720B19351B5E8C2B008D261F /* Bolts.framework */; };
		7297FBEC1B6CD0ED004DE5E3 /* Parse.framework in Frameworks */ = {isa = PBXBuildFile; fileRef = 720B19361B5E8C2B008D261F /* Parse.framework */; };
		7297FBED1B6CD0ED004DE5E3 /* ParseUI.framework in Frameworks */ = {isa = PBXBuildFile; fileRef = 720B19371B5E8C2B008D261F /* ParseUI.framework */; };
		72A4539C1BAC3D4F00F3A832 /* libsqlite3.tbd in Frameworks */ = {isa = PBXBuildFile; fileRef = 72A4539B1BAC3D4F00F3A832 /* libsqlite3.tbd */; };
		72A4539E1BAC3D5600F3A832 /* libz.tbd in Frameworks */ = {isa = PBXBuildFile; fileRef = 72A4539D1BAC3D5600F3A832 /* libz.tbd */; };
		72BA79E01B8C3ED500EFF14C /* GoogleMobileAds.framework in Frameworks */ = {isa = PBXBuildFile; fileRef = 7244CC921B6F5C6D009753C2 /* GoogleMobileAds.framework */; };
		72D163C21B6BBFB900DABB47 /* SubmitEvent.swift in Sources */ = {isa = PBXBuildFile; fileRef = 72D163C11B6BBFB900DABB47 /* SubmitEvent.swift */; };
		C5410BBD41D947E847854D53 /* Pods.framework in Frameworks */ = {isa = PBXBuildFile; fileRef = D01C19C4C0A4F83451071E39 /* Pods.framework */; };
/* End PBXBuildFile section */

/* Begin PBXFileReference section */
		07298FBD1C665472009B4A24 /* GoingListView.swift */ = {isa = PBXFileReference; fileEncoding = 4; lastKnownFileType = sourcecode.swift; path = GoingListView.swift; sourceTree = "<group>"; };
		07298FBF1C668D27009B4A24 /* UserCell.swift */ = {isa = PBXFileReference; fileEncoding = 4; lastKnownFileType = sourcecode.swift; path = UserCell.swift; sourceTree = "<group>"; };
		079B0D021C6AF4AA006DE290 /* ParseFacebookUtilsV4.framework */ = {isa = PBXFileReference; lastKnownFileType = wrapper.framework; path = ParseFacebookUtilsV4.framework; sourceTree = "<group>"; };
		079B0D041C6AF4D3006DE290 /* FBSDKCoreKit.framework */ = {isa = PBXFileReference; lastKnownFileType = wrapper.framework; path = FBSDKCoreKit.framework; sourceTree = "<group>"; };
		079B0D051C6AF4D3006DE290 /* FBSDKLoginKit.framework */ = {isa = PBXFileReference; lastKnownFileType = wrapper.framework; path = FBSDKLoginKit.framework; sourceTree = "<group>"; };
		07BC86ED1C5E9C6700439539 /* CustomPinAnnotation.swift */ = {isa = PBXFileReference; fileEncoding = 4; lastKnownFileType = sourcecode.swift; path = CustomPinAnnotation.swift; sourceTree = "<group>"; };
		07BC86F31C5EA2B100439539 /* MoveDetails.swift */ = {isa = PBXFileReference; fileEncoding = 4; lastKnownFileType = sourcecode.swift; path = MoveDetails.swift; sourceTree = "<group>"; };
		07EB6AC31C5AF51F0091BA6E /* Bolts.framework */ = {isa = PBXFileReference; lastKnownFileType = wrapper.framework; path = Bolts.framework; sourceTree = "<group>"; };
		07EB6AC61C5AF51F0091BA6E /* FBSDKShareKit.framework */ = {isa = PBXFileReference; lastKnownFileType = wrapper.framework; path = FBSDKShareKit.framework; sourceTree = "<group>"; };
		07EB6AD31C5B2B000091BA6E /* MapKit.framework */ = {isa = PBXFileReference; lastKnownFileType = wrapper.framework; name = MapKit.framework; path = System/Library/Frameworks/MapKit.framework; sourceTree = SDKROOT; };
		5B3717C8A1185C850CBD5856 /* Pods.release.xcconfig */ = {isa = PBXFileReference; includeInIndex = 1; lastKnownFileType = text.xcconfig; name = Pods.release.xcconfig; path = "Pods/Target Support Files/Pods/Pods.release.xcconfig"; sourceTree = "<group>"; };
		6332C3CC1C580B07004521A7 /* Events-Bridging-Header.h */ = {isa = PBXFileReference; lastKnownFileType = sourcecode.c.h; path = "Events-Bridging-Header.h"; sourceTree = "<group>"; };
		639C55CB1C67848D000FCBCD /* Explore.swift */ = {isa = PBXFileReference; fileEncoding = 4; lastKnownFileType = sourcecode.swift; path = Explore.swift; sourceTree = "<group>"; };
		63BDB7D41C4A1D0600D31303 /* headerCollectionReusableView.swift */ = {isa = PBXFileReference; fileEncoding = 4; lastKnownFileType = sourcecode.swift; path = headerCollectionReusableView.swift; sourceTree = "<group>"; };
		63BDB7E41C4CA80C00D31303 /* ExploreCell.swift */ = {isa = PBXFileReference; fileEncoding = 4; lastKnownFileType = sourcecode.swift; path = ExploreCell.swift; sourceTree = "<group>"; };
		63BDB7E61C4D30BD00D31303 /* ExploreHeader.swift */ = {isa = PBXFileReference; fileEncoding = 4; lastKnownFileType = sourcecode.swift; path = ExploreHeader.swift; sourceTree = "<group>"; };
		63BDB7E81C4E0C3100D31303 /* ExploreVenue.swift */ = {isa = PBXFileReference; fileEncoding = 4; lastKnownFileType = sourcecode.swift; path = ExploreVenue.swift; sourceTree = "<group>"; };
		63BDB7EA1C4E1F3E00D31303 /* ExplorePeople.swift */ = {isa = PBXFileReference; fileEncoding = 4; lastKnownFileType = sourcecode.swift; path = ExplorePeople.swift; sourceTree = "<group>"; };
		63BDB7EC1C4E28A600D31303 /* Profile.swift */ = {isa = PBXFileReference; fileEncoding = 4; lastKnownFileType = sourcecode.swift; path = Profile.swift; sourceTree = "<group>"; };
		63BDB7F31C4F6F9900D31303 /* ProfileHeader.swift */ = {isa = PBXFileReference; fileEncoding = 4; lastKnownFileType = sourcecode.swift; path = ProfileHeader.swift; sourceTree = "<group>"; };
		63BDB7F51C4F765500D31303 /* Settings.swift */ = {isa = PBXFileReference; fileEncoding = 4; lastKnownFileType = sourcecode.swift; path = Settings.swift; sourceTree = "<group>"; };
		63BDB80A1C50BF4B00D31303 /* FBSDKMessengerShareKit.framework */ = {isa = PBXFileReference; lastKnownFileType = wrapper.framework; path = FBSDKMessengerShareKit.framework; sourceTree = "<group>"; };
		63BDB80D1C50BF4B00D31303 /* FBAudienceNetwork.framework */ = {isa = PBXFileReference; lastKnownFileType = wrapper.framework; path = FBAudienceNetwork.framework; sourceTree = "<group>"; };
		63BDB8151C50C5F200D31303 /* FacebookLoginScreen.swift */ = {isa = PBXFileReference; fileEncoding = 4; lastKnownFileType = sourcecode.swift; path = FacebookLoginScreen.swift; sourceTree = "<group>"; };
		63BDB81B1C51421500D31303 /* Accounts.framework */ = {isa = PBXFileReference; lastKnownFileType = wrapper.framework; name = Accounts.framework; path = System/Library/Frameworks/Accounts.framework; sourceTree = SDKROOT; };
		63BDB81D1C51423B00D31303 /* Social.framework */ = {isa = PBXFileReference; lastKnownFileType = wrapper.framework; name = Social.framework; path = System/Library/Frameworks/Social.framework; sourceTree = SDKROOT; };
		63BDB81F1C51B9B900D31303 /* Events-Bridging-Header.h */ = {isa = PBXFileReference; lastKnownFileType = sourcecode.c.h; path = "Events-Bridging-Header.h"; sourceTree = "<group>"; };
		63BDB8201C51D9EA00D31303 /* ProtectedPage.swift */ = {isa = PBXFileReference; fileEncoding = 4; lastKnownFileType = sourcecode.swift; path = ProtectedPage.swift; sourceTree = "<group>"; };
		63ED88461C70F0F700A4A571 /* MapViewColor.swift */ = {isa = PBXFileReference; fileEncoding = 4; lastKnownFileType = sourcecode.swift; path = MapViewColor.swift; sourceTree = "<group>"; };
		63F144E11C777E000039F2A0 /* PrivacyPolicy.swift */ = {isa = PBXFileReference; fileEncoding = 4; lastKnownFileType = sourcecode.swift; path = PrivacyPolicy.swift; sourceTree = "<group>"; };
		63F144E31C777E200039F2A0 /* About.swift */ = {isa = PBXFileReference; fileEncoding = 4; lastKnownFileType = sourcecode.swift; path = About.swift; sourceTree = "<group>"; };
		63F144E51C777E3C0039F2A0 /* TermsConditions.swift */ = {isa = PBXFileReference; fileEncoding = 4; lastKnownFileType = sourcecode.swift; path = TermsConditions.swift; sourceTree = "<group>"; };
		63F144E91C7787470039F2A0 /* ppWebFile.html */ = {isa = PBXFileReference; fileEncoding = 4; lastKnownFileType = text.html; path = ppWebFile.html; sourceTree = "<group>"; };
		63F144EB1C7789320039F2A0 /* tcWebFile.html */ = {isa = PBXFileReference; fileEncoding = 4; lastKnownFileType = text.html; path = tcWebFile.html; sourceTree = "<group>"; };
		63F3EA621C6A84880005A188 /* Podfile */ = {isa = PBXFileReference; fileEncoding = 4; lastKnownFileType = text; path = Podfile; sourceTree = "<group>"; xcLanguageSpecificationIdentifier = xcode.lang.ruby; };
		720B19031B5E7B69008D261F /* The Move.app */ = {isa = PBXFileReference; explicitFileType = wrapper.application; includeInIndex = 0; path = "The Move.app"; sourceTree = BUILT_PRODUCTS_DIR; };
		720B19071B5E7B69008D261F /* Info.plist */ = {isa = PBXFileReference; lastKnownFileType = text.plist.xml; path = Info.plist; sourceTree = "<group>"; };
		720B19081B5E7B69008D261F /* AppDelegate.swift */ = {isa = PBXFileReference; lastKnownFileType = sourcecode.swift; path = AppDelegate.swift; sourceTree = "<group>"; };
		720B190D1B5E7B69008D261F /* Base */ = {isa = PBXFileReference; lastKnownFileType = file.storyboard; name = Base; path = Base.lproj/Main.storyboard; sourceTree = "<group>"; };
		720B190F1B5E7B69008D261F /* Images.xcassets */ = {isa = PBXFileReference; lastKnownFileType = folder.assetcatalog; path = Images.xcassets; sourceTree = "<group>"; };
		720B19281B5E7BB6008D261F /* Configs.swift */ = {isa = PBXFileReference; fileEncoding = 4; lastKnownFileType = sourcecode.swift; path = Configs.swift; sourceTree = "<group>"; };
		720B19311B5E8824008D261F /* Home.swift */ = {isa = PBXFileReference; fileEncoding = 4; lastKnownFileType = sourcecode.swift; path = Home.swift; sourceTree = "<group>"; };
		720B19331B5E8834008D261F /* EventCell.swift */ = {isa = PBXFileReference; fileEncoding = 4; lastKnownFileType = sourcecode.swift; path = EventCell.swift; sourceTree = "<group>"; };
		720B19351B5E8C2B008D261F /* Bolts.framework */ = {isa = PBXFileReference; lastKnownFileType = wrapper.framework; name = Bolts.framework; path = Events/Parse/Bolts.framework; sourceTree = "<group>"; };
		720B19361B5E8C2B008D261F /* Parse.framework */ = {isa = PBXFileReference; lastKnownFileType = wrapper.framework; name = Parse.framework; path = Events/Parse/Parse.framework; sourceTree = "<group>"; };
		720B19371B5E8C2B008D261F /* ParseUI.framework */ = {isa = PBXFileReference; lastKnownFileType = wrapper.framework; name = ParseUI.framework; path = Events/Parse/ParseUI.framework; sourceTree = "<group>"; };
		720B193B1B5E8C39008D261F /* AudioToolbox.framework */ = {isa = PBXFileReference; lastKnownFileType = wrapper.framework; name = AudioToolbox.framework; path = System/Library/Frameworks/AudioToolbox.framework; sourceTree = SDKROOT; };
		720B193D1B5E8C3D008D261F /* CFNetwork.framework */ = {isa = PBXFileReference; lastKnownFileType = wrapper.framework; name = CFNetwork.framework; path = System/Library/Frameworks/CFNetwork.framework; sourceTree = SDKROOT; };
		720B193F1B5E8C41008D261F /* CoreGraphics.framework */ = {isa = PBXFileReference; lastKnownFileType = wrapper.framework; name = CoreGraphics.framework; path = System/Library/Frameworks/CoreGraphics.framework; sourceTree = SDKROOT; };
		720B19411B5E8C45008D261F /* CoreLocation.framework */ = {isa = PBXFileReference; lastKnownFileType = wrapper.framework; name = CoreLocation.framework; path = System/Library/Frameworks/CoreLocation.framework; sourceTree = SDKROOT; };
		720B19431B5E8C49008D261F /* MobileCoreServices.framework */ = {isa = PBXFileReference; lastKnownFileType = wrapper.framework; name = MobileCoreServices.framework; path = System/Library/Frameworks/MobileCoreServices.framework; sourceTree = SDKROOT; };
		720B19451B5E8C4D008D261F /* QuartzCore.framework */ = {isa = PBXFileReference; lastKnownFileType = wrapper.framework; name = QuartzCore.framework; path = System/Library/Frameworks/QuartzCore.framework; sourceTree = SDKROOT; };
		720B19471B5E8C50008D261F /* Security.framework */ = {isa = PBXFileReference; lastKnownFileType = wrapper.framework; name = Security.framework; path = System/Library/Frameworks/Security.framework; sourceTree = SDKROOT; };
		720B19491B5E8C55008D261F /* StoreKit.framework */ = {isa = PBXFileReference; lastKnownFileType = wrapper.framework; name = StoreKit.framework; path = System/Library/Frameworks/StoreKit.framework; sourceTree = SDKROOT; };
		720B194B1B5E8C59008D261F /* SystemConfiguration.framework */ = {isa = PBXFileReference; lastKnownFileType = wrapper.framework; name = SystemConfiguration.framework; path = System/Library/Frameworks/SystemConfiguration.framework; sourceTree = SDKROOT; };
		7244CC921B6F5C6D009753C2 /* GoogleMobileAds.framework */ = {isa = PBXFileReference; lastKnownFileType = wrapper.framework; name = GoogleMobileAds.framework; path = Events/GoogleMobileAds.framework; sourceTree = "<group>"; };
		7244CC941B6F5C7B009753C2 /* AdSupport.framework */ = {isa = PBXFileReference; lastKnownFileType = wrapper.framework; name = AdSupport.framework; path = System/Library/Frameworks/AdSupport.framework; sourceTree = SDKROOT; };
		7244CC961B6F5C83009753C2 /* AVFoundation.framework */ = {isa = PBXFileReference; lastKnownFileType = wrapper.framework; name = AVFoundation.framework; path = System/Library/Frameworks/AVFoundation.framework; sourceTree = SDKROOT; };
		7244CC981B6F5C8B009753C2 /* CoreMedia.framework */ = {isa = PBXFileReference; lastKnownFileType = wrapper.framework; name = CoreMedia.framework; path = System/Library/Frameworks/CoreMedia.framework; sourceTree = SDKROOT; };
		7244CC9A1B6F5C8F009753C2 /* CoreTelephony.framework */ = {isa = PBXFileReference; lastKnownFileType = wrapper.framework; name = CoreTelephony.framework; path = System/Library/Frameworks/CoreTelephony.framework; sourceTree = SDKROOT; };
		7244CC9C1B6F5C97009753C2 /* EventKit.framework */ = {isa = PBXFileReference; lastKnownFileType = wrapper.framework; name = EventKit.framework; path = System/Library/Frameworks/EventKit.framework; sourceTree = SDKROOT; };
		7244CC9E1B6F5C9B009753C2 /* EventKitUI.framework */ = {isa = PBXFileReference; lastKnownFileType = wrapper.framework; name = EventKitUI.framework; path = System/Library/Frameworks/EventKitUI.framework; sourceTree = SDKROOT; };
		7244CCA01B6F5CA0009753C2 /* MessageUI.framework */ = {isa = PBXFileReference; lastKnownFileType = wrapper.framework; name = MessageUI.framework; path = System/Library/Frameworks/MessageUI.framework; sourceTree = SDKROOT; };
		7297FBE81B6CBE72004DE5E3 /* Contact.swift */ = {isa = PBXFileReference; fileEncoding = 4; lastKnownFileType = sourcecode.swift; path = Contact.swift; sourceTree = "<group>"; };
		72A4539B1BAC3D4F00F3A832 /* libsqlite3.tbd */ = {isa = PBXFileReference; lastKnownFileType = "sourcecode.text-based-dylib-definition"; name = libsqlite3.tbd; path = usr/lib/libsqlite3.tbd; sourceTree = SDKROOT; };
		72A4539D1BAC3D5600F3A832 /* libz.tbd */ = {isa = PBXFileReference; lastKnownFileType = "sourcecode.text-based-dylib-definition"; name = libz.tbd; path = usr/lib/libz.tbd; sourceTree = SDKROOT; };
		72D163C11B6BBFB900DABB47 /* SubmitEvent.swift */ = {isa = PBXFileReference; fileEncoding = 4; lastKnownFileType = sourcecode.swift; path = SubmitEvent.swift; sourceTree = "<group>"; };
		D01C19C4C0A4F83451071E39 /* Pods.framework */ = {isa = PBXFileReference; explicitFileType = wrapper.framework; includeInIndex = 0; path = Pods.framework; sourceTree = BUILT_PRODUCTS_DIR; };
		DAB0138F66439ED17B291685 /* Pods.debug.xcconfig */ = {isa = PBXFileReference; includeInIndex = 1; lastKnownFileType = text.xcconfig; name = Pods.debug.xcconfig; path = "Pods/Target Support Files/Pods/Pods.debug.xcconfig"; sourceTree = "<group>"; };
/* End PBXFileReference section */

/* Begin PBXFrameworksBuildPhase section */
		720B19001B5E7B69008D261F /* Frameworks */ = {
			isa = PBXFrameworksBuildPhase;
			buildActionMask = 2147483647;
			files = (
				07EB6AD41C5B2B000091BA6E /* MapKit.framework in Frameworks */,
				63BDB81E1C51423B00D31303 /* Social.framework in Frameworks */,
				63BDB81C1C51421500D31303 /* Accounts.framework in Frameworks */,
				72A4539E1BAC3D5600F3A832 /* libz.tbd in Frameworks */,
				72A4539C1BAC3D4F00F3A832 /* libsqlite3.tbd in Frameworks */,
				72BA79E01B8C3ED500EFF14C /* GoogleMobileAds.framework in Frameworks */,
				720B194C1B5E8C59008D261F /* SystemConfiguration.framework in Frameworks */,
				63BDB8101C50BF4B00D31303 /* FBSDKMessengerShareKit.framework in Frameworks */,
				079B0D071C6AF4D3006DE290 /* FBSDKLoginKit.framework in Frameworks */,
				07EB6ACB1C5AF51F0091BA6E /* FBSDKShareKit.framework in Frameworks */,
				720B194A1B5E8C55008D261F /* StoreKit.framework in Frameworks */,
				7244CCA11B6F5CA0009753C2 /* MessageUI.framework in Frameworks */,
				7244CC9F1B6F5C9B009753C2 /* EventKitUI.framework in Frameworks */,
				7244CC9D1B6F5C97009753C2 /* EventKit.framework in Frameworks */,
				079B0D061C6AF4D3006DE290 /* FBSDKCoreKit.framework in Frameworks */,
				7244CC9B1B6F5C8F009753C2 /* CoreTelephony.framework in Frameworks */,
				7244CC991B6F5C8B009753C2 /* CoreMedia.framework in Frameworks */,
				7244CC971B6F5C83009753C2 /* AVFoundation.framework in Frameworks */,
				720B193C1B5E8C39008D261F /* AudioToolbox.framework in Frameworks */,
				079B0D031C6AF4AA006DE290 /* ParseFacebookUtilsV4.framework in Frameworks */,
				7244CC951B6F5C7B009753C2 /* AdSupport.framework in Frameworks */,
				720B19481B5E8C50008D261F /* Security.framework in Frameworks */,
				720B19461B5E8C4D008D261F /* QuartzCore.framework in Frameworks */,
				720B19441B5E8C49008D261F /* MobileCoreServices.framework in Frameworks */,
				720B19421B5E8C45008D261F /* CoreLocation.framework in Frameworks */,
				720B19401B5E8C41008D261F /* CoreGraphics.framework in Frameworks */,
				720B193E1B5E8C3D008D261F /* CFNetwork.framework in Frameworks */,
				7297FBEB1B6CD0ED004DE5E3 /* Bolts.framework in Frameworks */,
				63BDB8131C50BF4B00D31303 /* FBAudienceNetwork.framework in Frameworks */,
				7297FBEC1B6CD0ED004DE5E3 /* Parse.framework in Frameworks */,
				7297FBED1B6CD0ED004DE5E3 /* ParseUI.framework in Frameworks */,
				07EB6AC81C5AF51F0091BA6E /* Bolts.framework in Frameworks */,
				C5410BBD41D947E847854D53 /* Pods.framework in Frameworks */,
			);
			runOnlyForDeploymentPostprocessing = 0;
		};
/* End PBXFrameworksBuildPhase section */

/* Begin PBXGroup section */
		070889A11C6CF7320070053E /* Login */ = {
			isa = PBXGroup;
			children = (
				63BDB8151C50C5F200D31303 /* FacebookLoginScreen.swift */,
			);
			name = Login;
			sourceTree = "<group>";
		};
		639C55CD1C679197000FCBCD /* Map View */ = {
			isa = PBXGroup;
			children = (
				63ED88461C70F0F700A4A571 /* MapViewColor.swift */,
				07BC86ED1C5E9C6700439539 /* CustomPinAnnotation.swift */,
			);
			name = "Map View";
			sourceTree = "<group>";
		};
		63BDB7E11C4C9AD600D31303 /* Explore */ = {
			isa = PBXGroup;
			children = (
				639C55CB1C67848D000FCBCD /* Explore.swift */,
				63BDB7E81C4E0C3100D31303 /* ExploreVenue.swift */,
				63BDB7E61C4D30BD00D31303 /* ExploreHeader.swift */,
				63BDB7EA1C4E1F3E00D31303 /* ExplorePeople.swift */,
				63BDB7E41C4CA80C00D31303 /* ExploreCell.swift */,
				07298FBF1C668D27009B4A24 /* UserCell.swift */,
			);
			name = Explore;
			sourceTree = "<group>";
		};
		63BDB7EE1C4E28AB00D31303 /* Profile */ = {
			isa = PBXGroup;
			children = (
				63F144E01C777DC50039F2A0 /* Settings */,
				63BDB7EC1C4E28A600D31303 /* Profile.swift */,
				63BDB7F31C4F6F9900D31303 /* ProfileHeader.swift */,
			);
			name = Profile;
			sourceTree = "<group>";
		};
		63F144E01C777DC50039F2A0 /* Settings */ = {
			isa = PBXGroup;
			children = (
				63BDB7F51C4F765500D31303 /* Settings.swift */,
				63F144E11C777E000039F2A0 /* PrivacyPolicy.swift */,
				63F144E91C7787470039F2A0 /* ppWebFile.html */,
				63F144EB1C7789320039F2A0 /* tcWebFile.html */,
				63F144E31C777E200039F2A0 /* About.swift */,
				63F144E51C777E3C0039F2A0 /* TermsConditions.swift */,
			);
			name = Settings;
			sourceTree = "<group>";
		};
		6E787AC2F99455C98CABA881 /* Pods */ = {
			isa = PBXGroup;
			children = (
				DAB0138F66439ED17B291685 /* Pods.debug.xcconfig */,
				5B3717C8A1185C850CBD5856 /* Pods.release.xcconfig */,
			);
			name = Pods;
			sourceTree = "<group>";
		};
		720B18FA1B5E7B69008D261F = {
			isa = PBXGroup;
			children = (
				63F3EA621C6A84880005A188 /* Podfile */,
				720B19051B5E7B69008D261F /* Events */,
				7297FBEA1B6CBE75004DE5E3 /* Contact */,
				720B19041B5E7B69008D261F /* Products */,
				6E787AC2F99455C98CABA881 /* Pods */,
				C268E4A0DBE5FC97009AE04B /* Frameworks */,
			);
			sourceTree = "<group>";
		};
		720B19041B5E7B69008D261F /* Products */ = {
			isa = PBXGroup;
			children = (
				720B19031B5E7B69008D261F /* The Move.app */,
			);
			name = Products;
			sourceTree = "<group>";
		};
		720B19051B5E7B69008D261F /* Events */ = {
			isa = PBXGroup;
			children = (
				720B19081B5E7B69008D261F /* AppDelegate.swift */,
				63BDB81F1C51B9B900D31303 /* Events-Bridging-Header.h */,
				63BDB8201C51D9EA00D31303 /* ProtectedPage.swift */,
				720B19281B5E7BB6008D261F /* Configs.swift */,
				720B190C1B5E7B69008D261F /* Main.storyboard */,
				070889A11C6CF7320070053E /* Login */,
				639C55CD1C679197000FCBCD /* Map View */,
				720B19521B5E8D20008D261F /* Upcoming Moves */,
				63BDB7E11C4C9AD600D31303 /* Explore */,
				63BDB7EE1C4E28AB00D31303 /* Profile */,
				72D163C31B6BBFBF00DABB47 /* Submit an Event */,
				720B190F1B5E7B69008D261F /* Images.xcassets */,
				720B19511B5E8C83008D261F /* Frameworks */,
				720B19061B5E7B69008D261F /* Supporting Files */,
				6332C3CC1C580B07004521A7 /* Events-Bridging-Header.h */,
			);
			path = Events;
			sourceTree = "<group>";
		};
		720B19061B5E7B69008D261F /* Supporting Files */ = {
			isa = PBXGroup;
			children = (
				720B19071B5E7B69008D261F /* Info.plist */,
			);
			name = "Supporting Files";
			sourceTree = "<group>";
		};
		720B19511B5E8C83008D261F /* Frameworks */ = {
			isa = PBXGroup;
			children = (
				079B0D041C6AF4D3006DE290 /* FBSDKCoreKit.framework */,
				079B0D051C6AF4D3006DE290 /* FBSDKLoginKit.framework */,
				079B0D021C6AF4AA006DE290 /* ParseFacebookUtilsV4.framework */,
				07EB6AD31C5B2B000091BA6E /* MapKit.framework */,
				07EB6AC31C5AF51F0091BA6E /* Bolts.framework */,
				07EB6AC61C5AF51F0091BA6E /* FBSDKShareKit.framework */,
				63BDB81D1C51423B00D31303 /* Social.framework */,
				63BDB81B1C51421500D31303 /* Accounts.framework */,
				63BDB80A1C50BF4B00D31303 /* FBSDKMessengerShareKit.framework */,
				63BDB80D1C50BF4B00D31303 /* FBAudienceNetwork.framework */,
				72A4539D1BAC3D5600F3A832 /* libz.tbd */,
				72A4539B1BAC3D4F00F3A832 /* libsqlite3.tbd */,
				7244CCA01B6F5CA0009753C2 /* MessageUI.framework */,
				7244CC9E1B6F5C9B009753C2 /* EventKitUI.framework */,
				7244CC9C1B6F5C97009753C2 /* EventKit.framework */,
				7244CC9A1B6F5C8F009753C2 /* CoreTelephony.framework */,
				7244CC981B6F5C8B009753C2 /* CoreMedia.framework */,
				7244CC961B6F5C83009753C2 /* AVFoundation.framework */,
				7244CC941B6F5C7B009753C2 /* AdSupport.framework */,
				7244CC921B6F5C6D009753C2 /* GoogleMobileAds.framework */,
				720B194B1B5E8C59008D261F /* SystemConfiguration.framework */,
				720B19491B5E8C55008D261F /* StoreKit.framework */,
				720B19471B5E8C50008D261F /* Security.framework */,
				720B19451B5E8C4D008D261F /* QuartzCore.framework */,
				720B19431B5E8C49008D261F /* MobileCoreServices.framework */,
				720B19411B5E8C45008D261F /* CoreLocation.framework */,
				720B193F1B5E8C41008D261F /* CoreGraphics.framework */,
				720B193D1B5E8C3D008D261F /* CFNetwork.framework */,
				720B193B1B5E8C39008D261F /* AudioToolbox.framework */,
				720B19351B5E8C2B008D261F /* Bolts.framework */,
				720B19361B5E8C2B008D261F /* Parse.framework */,
				720B19371B5E8C2B008D261F /* ParseUI.framework */,
			);
			name = Frameworks;
			path = ..;
			sourceTree = "<group>";
		};
		720B19521B5E8D20008D261F /* Upcoming Moves */ = {
			isa = PBXGroup;
			children = (
				07BC86F31C5EA2B100439539 /* MoveDetails.swift */,
				07298FBD1C665472009B4A24 /* GoingListView.swift */,
				720B19311B5E8824008D261F /* Home.swift */,
				63BDB7D41C4A1D0600D31303 /* headerCollectionReusableView.swift */,
				720B19331B5E8834008D261F /* EventCell.swift */,
			);
			name = "Upcoming Moves";
			sourceTree = "<group>";
		};
		7297FBEA1B6CBE75004DE5E3 /* Contact */ = {
			isa = PBXGroup;
			children = (
				7297FBE81B6CBE72004DE5E3 /* Contact.swift */,
			);
			name = Contact;
			path = Events;
			sourceTree = "<group>";
		};
		72D163C31B6BBFBF00DABB47 /* Submit an Event */ = {
			isa = PBXGroup;
			children = (
				72D163C11B6BBFB900DABB47 /* SubmitEvent.swift */,
			);
			name = "Submit an Event";
			sourceTree = "<group>";
		};
		C268E4A0DBE5FC97009AE04B /* Frameworks */ = {
			isa = PBXGroup;
			children = (
				D01C19C4C0A4F83451071E39 /* Pods.framework */,
			);
			name = Frameworks;
			sourceTree = "<group>";
		};
/* End PBXGroup section */

/* Begin PBXNativeTarget section */
		720B19021B5E7B69008D261F /* The Move */ = {
			isa = PBXNativeTarget;
			buildConfigurationList = 720B19221B5E7B69008D261F /* Build configuration list for PBXNativeTarget "The Move" */;
			buildPhases = (
				8656AA3D98DD7090C43A5759 /* Check Pods Manifest.lock */,
				720B18FF1B5E7B69008D261F /* Sources */,
				720B19001B5E7B69008D261F /* Frameworks */,
				720B19011B5E7B69008D261F /* Resources */,
				85F04CD985754831E11B44B2 /* Embed Pods Frameworks */,
				2EB6648E3CE23C2BE59FB6B1 /* Copy Pods Resources */,
			);
			buildRules = (
			);
			dependencies = (
			);
			name = "The Move";
			productName = Events;
			productReference = 720B19031B5E7B69008D261F /* The Move.app */;
			productType = "com.apple.product-type.application";
		};
/* End PBXNativeTarget section */

/* Begin PBXProject section */
		720B18FB1B5E7B69008D261F /* Project object */ = {
			isa = PBXProject;
			attributes = {
				LastSwiftMigration = 0700;
				LastSwiftUpdateCheck = 0700;
				LastUpgradeCheck = 0700;
				ORGANIZATIONNAME = "FV iMAGINATION";
				TargetAttributes = {
					720B19021B5E7B69008D261F = {
						CreatedOnToolsVersion = 6.4;
						DevelopmentTeam = 24WJ762CQL;
					};
				};
			};
			buildConfigurationList = 720B18FE1B5E7B69008D261F /* Build configuration list for PBXProject "Events" */;
			compatibilityVersion = "Xcode 3.2";
			developmentRegion = English;
			hasScannedForEncodings = 0;
			knownRegions = (
				en,
				Base,
			);
			mainGroup = 720B18FA1B5E7B69008D261F;
			productRefGroup = 720B19041B5E7B69008D261F /* Products */;
			projectDirPath = "";
			projectRoot = "";
			targets = (
				720B19021B5E7B69008D261F /* The Move */,
			);
		};
/* End PBXProject section */

/* Begin PBXResourcesBuildPhase section */
		720B19011B5E7B69008D261F /* Resources */ = {
			isa = PBXResourcesBuildPhase;
			buildActionMask = 2147483647;
			files = (
				63F3EA631C6A84880005A188 /* Podfile in Resources */,
				720B190E1B5E7B69008D261F /* Main.storyboard in Resources */,
				720B19101B5E7B69008D261F /* Images.xcassets in Resources */,
				63F144EA1C7787470039F2A0 /* ppWebFile.html in Resources */,
				63F144EC1C7789320039F2A0 /* tcWebFile.html in Resources */,
			);
			runOnlyForDeploymentPostprocessing = 0;
		};
/* End PBXResourcesBuildPhase section */

/* Begin PBXShellScriptBuildPhase section */
		2EB6648E3CE23C2BE59FB6B1 /* Copy Pods Resources */ = {
			isa = PBXShellScriptBuildPhase;
			buildActionMask = 2147483647;
			files = (
			);
			inputPaths = (
			);
			name = "Copy Pods Resources";
			outputPaths = (
			);
			runOnlyForDeploymentPostprocessing = 0;
			shellPath = /bin/sh;
			shellScript = "\"${SRCROOT}/Pods/Target Support Files/Pods/Pods-resources.sh\"\n";
			showEnvVarsInLog = 0;
		};
		85F04CD985754831E11B44B2 /* Embed Pods Frameworks */ = {
			isa = PBXShellScriptBuildPhase;
			buildActionMask = 2147483647;
			files = (
			);
			inputPaths = (
			);
			name = "Embed Pods Frameworks";
			outputPaths = (
			);
			runOnlyForDeploymentPostprocessing = 0;
			shellPath = /bin/sh;
			shellScript = "\"${SRCROOT}/Pods/Target Support Files/Pods/Pods-frameworks.sh\"\n";
			showEnvVarsInLog = 0;
		};
		8656AA3D98DD7090C43A5759 /* Check Pods Manifest.lock */ = {
			isa = PBXShellScriptBuildPhase;
			buildActionMask = 2147483647;
			files = (
			);
			inputPaths = (
			);
			name = "Check Pods Manifest.lock";
			outputPaths = (
			);
			runOnlyForDeploymentPostprocessing = 0;
			shellPath = /bin/sh;
			shellScript = "diff \"${PODS_ROOT}/../Podfile.lock\" \"${PODS_ROOT}/Manifest.lock\" > /dev/null\nif [[ $? != 0 ]] ; then\n    cat << EOM\nerror: The sandbox is not in sync with the Podfile.lock. Run 'pod install' or update your CocoaPods installation.\nEOM\n    exit 1\nfi\n";
			showEnvVarsInLog = 0;
		};
/* End PBXShellScriptBuildPhase section */

/* Begin PBXSourcesBuildPhase section */
		720B18FF1B5E7B69008D261F /* Sources */ = {
			isa = PBXSourcesBuildPhase;
			buildActionMask = 2147483647;
			files = (
				63ED88471C70F0F700A4A571 /* MapViewColor.swift in Sources */,
				63BDB7ED1C4E28A600D31303 /* Profile.swift in Sources */,
				63BDB7D51C4A1D0600D31303 /* headerCollectionReusableView.swift in Sources */,
				63BDB7EB1C4E1F3E00D31303 /* ExplorePeople.swift in Sources */,
				63BDB7E51C4CA80C00D31303 /* ExploreCell.swift in Sources */,
				720B19341B5E8834008D261F /* EventCell.swift in Sources */,
				639C55CC1C67848D000FCBCD /* Explore.swift in Sources */,
				07BC86EE1C5E9C6700439539 /* CustomPinAnnotation.swift in Sources */,
				72D163C21B6BBFB900DABB47 /* SubmitEvent.swift in Sources */,
				63BDB8161C50C5F200D31303 /* FacebookLoginScreen.swift in Sources */,
				63BDB7F41C4F6F9900D31303 /* ProfileHeader.swift in Sources */,
				720B19091B5E7B69008D261F /* AppDelegate.swift in Sources */,
				07298FC01C668D27009B4A24 /* UserCell.swift in Sources */,
				63F144E21C777E000039F2A0 /* PrivacyPolicy.swift in Sources */,
				720B19321B5E8824008D261F /* Home.swift in Sources */,
				63F144E61C777E3C0039F2A0 /* TermsConditions.swift in Sources */,
				720B19291B5E7BB6008D261F /* Configs.swift in Sources */,
				7297FBE91B6CBE72004DE5E3 /* Contact.swift in Sources */,
				63BDB7E91C4E0C3100D31303 /* ExploreVenue.swift in Sources */,
				63F144E41C777E200039F2A0 /* About.swift in Sources */,
				63BDB7E71C4D30BD00D31303 /* ExploreHeader.swift in Sources */,
				07298FBE1C665472009B4A24 /* GoingListView.swift in Sources */,
				63BDB8211C51D9EA00D31303 /* ProtectedPage.swift in Sources */,
				07BC86F41C5EA2B100439539 /* MoveDetails.swift in Sources */,
				63BDB7F61C4F765500D31303 /* Settings.swift in Sources */,
			);
			runOnlyForDeploymentPostprocessing = 0;
		};
/* End PBXSourcesBuildPhase section */

/* Begin PBXVariantGroup section */
		720B190C1B5E7B69008D261F /* Main.storyboard */ = {
			isa = PBXVariantGroup;
			children = (
				720B190D1B5E7B69008D261F /* Base */,
			);
			name = Main.storyboard;
			sourceTree = "<group>";
		};
/* End PBXVariantGroup section */

/* Begin XCBuildConfiguration section */
		720B19201B5E7B69008D261F /* Debug */ = {
			isa = XCBuildConfiguration;
			buildSettings = {
				ALWAYS_SEARCH_USER_PATHS = NO;
				CLANG_CXX_LANGUAGE_STANDARD = "gnu++0x";
				CLANG_CXX_LIBRARY = "libc++";
				CLANG_ENABLE_MODULES = YES;
				CLANG_ENABLE_OBJC_ARC = YES;
				CLANG_WARN_BOOL_CONVERSION = YES;
				CLANG_WARN_CONSTANT_CONVERSION = YES;
				CLANG_WARN_DIRECT_OBJC_ISA_USAGE = YES_ERROR;
				CLANG_WARN_EMPTY_BODY = YES;
				CLANG_WARN_ENUM_CONVERSION = YES;
				CLANG_WARN_INT_CONVERSION = YES;
				CLANG_WARN_OBJC_ROOT_CLASS = YES_ERROR;
				CLANG_WARN_UNREACHABLE_CODE = YES;
				CLANG_WARN__DUPLICATE_METHOD_MATCH = YES;
				"CODE_SIGN_IDENTITY[sdk=iphoneos*]" = "iPhone Developer";
				COPY_PHASE_STRIP = NO;
				DEBUG_INFORMATION_FORMAT = "dwarf-with-dsym";
				ENABLE_STRICT_OBJC_MSGSEND = YES;
				ENABLE_TESTABILITY = YES;
				GCC_C_LANGUAGE_STANDARD = gnu99;
				GCC_DYNAMIC_NO_PIC = NO;
				GCC_NO_COMMON_BLOCKS = YES;
				GCC_OPTIMIZATION_LEVEL = 0;
				GCC_PREPROCESSOR_DEFINITIONS = (
					"DEBUG=1",
					"$(inherited)",
				);
				GCC_SYMBOLS_PRIVATE_EXTERN = NO;
				GCC_WARN_64_TO_32_BIT_CONVERSION = YES;
				GCC_WARN_ABOUT_RETURN_TYPE = YES_ERROR;
				GCC_WARN_UNDECLARED_SELECTOR = YES;
				GCC_WARN_UNINITIALIZED_AUTOS = YES_AGGRESSIVE;
				GCC_WARN_UNUSED_FUNCTION = YES;
				GCC_WARN_UNUSED_VARIABLE = YES;
				IPHONEOS_DEPLOYMENT_TARGET = 9.0;
				MTL_ENABLE_DEBUG_INFO = YES;
				ONLY_ACTIVE_ARCH = YES;
				SDKROOT = iphoneos;
				SWIFT_OBJC_BRIDGING_HEADER = "Events-Bridging-Header.h";
				SWIFT_OPTIMIZATION_LEVEL = "-Onone";
				TARGETED_DEVICE_FAMILY = "1,2";
			};
			name = Debug;
		};
		720B19211B5E7B69008D261F /* Release */ = {
			isa = XCBuildConfiguration;
			buildSettings = {
				ALWAYS_SEARCH_USER_PATHS = NO;
				CLANG_CXX_LANGUAGE_STANDARD = "gnu++0x";
				CLANG_CXX_LIBRARY = "libc++";
				CLANG_ENABLE_MODULES = YES;
				CLANG_ENABLE_OBJC_ARC = YES;
				CLANG_WARN_BOOL_CONVERSION = YES;
				CLANG_WARN_CONSTANT_CONVERSION = YES;
				CLANG_WARN_DIRECT_OBJC_ISA_USAGE = YES_ERROR;
				CLANG_WARN_EMPTY_BODY = YES;
				CLANG_WARN_ENUM_CONVERSION = YES;
				CLANG_WARN_INT_CONVERSION = YES;
				CLANG_WARN_OBJC_ROOT_CLASS = YES_ERROR;
				CLANG_WARN_UNREACHABLE_CODE = YES;
				CLANG_WARN__DUPLICATE_METHOD_MATCH = YES;
				"CODE_SIGN_IDENTITY[sdk=iphoneos*]" = "iPhone Developer";
				COPY_PHASE_STRIP = NO;
				DEBUG_INFORMATION_FORMAT = "dwarf-with-dsym";
				ENABLE_NS_ASSERTIONS = NO;
				ENABLE_STRICT_OBJC_MSGSEND = YES;
				GCC_C_LANGUAGE_STANDARD = gnu99;
				GCC_NO_COMMON_BLOCKS = YES;
				GCC_WARN_64_TO_32_BIT_CONVERSION = YES;
				GCC_WARN_ABOUT_RETURN_TYPE = YES_ERROR;
				GCC_WARN_UNDECLARED_SELECTOR = YES;
				GCC_WARN_UNINITIALIZED_AUTOS = YES_AGGRESSIVE;
				GCC_WARN_UNUSED_FUNCTION = YES;
				GCC_WARN_UNUSED_VARIABLE = YES;
				IPHONEOS_DEPLOYMENT_TARGET = 9.0;
				MTL_ENABLE_DEBUG_INFO = NO;
				SDKROOT = iphoneos;
				SWIFT_OBJC_BRIDGING_HEADER = "Events-Bridging-Header.h";
				TARGETED_DEVICE_FAMILY = "1,2";
				VALIDATE_PRODUCT = YES;
			};
			name = Release;
		};
		720B19231B5E7B69008D261F /* Debug */ = {
			isa = XCBuildConfiguration;
			baseConfigurationReference = DAB0138F66439ED17B291685 /* Pods.debug.xcconfig */;
			buildSettings = {
				ASSETCATALOG_COMPILER_APPICON_NAME = AppIcon;
				ASSETCATALOG_COMPILER_LAUNCHIMAGE_NAME = LaunchImage;
				CLANG_ENABLE_MODULES = YES;
				CODE_SIGN_IDENTITY = "iPhone Developer";
				"CODE_SIGN_IDENTITY[sdk=iphoneos*]" = "iPhone Developer";
				ENABLE_BITCODE = NO;
				FRAMEWORK_SEARCH_PATHS = (
					"$(inherited)",
					"$(PROJECT_DIR)/Events/Parse",
					"$(PROJECT_DIR)/Events",
					"$(PROJECT_DIR)",
				);
				INFOPLIST_FILE = Events/Info.plist;
				IPHONEOS_DEPLOYMENT_TARGET = 9.0;
				LD_RUNPATH_SEARCH_PATHS = "$(inherited) @executable_path/Frameworks";
				PRODUCT_BUNDLE_IDENTIFIER = com.tm.themove;
				PRODUCT_NAME = "$(TARGET_NAME)";
				PROVISIONING_PROFILE = "";
				SWIFT_OBJC_BRIDGING_HEADER = "Events/Events-Bridging-Header.h";
				SWIFT_OPTIMIZATION_LEVEL = "-Onone";
				TARGETED_DEVICE_FAMILY = 1;
			};
			name = Debug;
		};
		720B19241B5E7B69008D261F /* Release */ = {
			isa = XCBuildConfiguration;
			baseConfigurationReference = 5B3717C8A1185C850CBD5856 /* Pods.release.xcconfig */;
			buildSettings = {
				ASSETCATALOG_COMPILER_APPICON_NAME = AppIcon;
				ASSETCATALOG_COMPILER_LAUNCHIMAGE_NAME = LaunchImage;
				CLANG_ENABLE_MODULES = YES;
				CODE_SIGN_IDENTITY = "iPhone Developer";
				"CODE_SIGN_IDENTITY[sdk=iphoneos*]" = "iPhone Developer";
				ENABLE_BITCODE = NO;
				FRAMEWORK_SEARCH_PATHS = (
					"$(inherited)",
					"$(PROJECT_DIR)/Events/Parse",
					"$(PROJECT_DIR)/Events",
					"$(PROJECT_DIR)",
				);
				INFOPLIST_FILE = Events/Info.plist;
				IPHONEOS_DEPLOYMENT_TARGET = 9.0;
				LD_RUNPATH_SEARCH_PATHS = "$(inherited) @executable_path/Frameworks";
				PRODUCT_BUNDLE_IDENTIFIER = com.tm.themove;
				PRODUCT_NAME = "$(TARGET_NAME)";
				PROVISIONING_PROFILE = "";
				SWIFT_OBJC_BRIDGING_HEADER = "Events/Events-Bridging-Header.h";
				TARGETED_DEVICE_FAMILY = 1;
			};
			name = Release;
		};
/* End XCBuildConfiguration section */

/* Begin XCConfigurationList section */
		720B18FE1B5E7B69008D261F /* Build configuration list for PBXProject "Events" */ = {
			isa = XCConfigurationList;
			buildConfigurations = (
				720B19201B5E7B69008D261F /* Debug */,
				720B19211B5E7B69008D261F /* Release */,
			);
			defaultConfigurationIsVisible = 0;
			defaultConfigurationName = Release;
		};
		720B19221B5E7B69008D261F /* Build configuration list for PBXNativeTarget "The Move" */ = {
			isa = XCConfigurationList;
			buildConfigurations = (
				720B19231B5E7B69008D261F /* Debug */,
				720B19241B5E7B69008D261F /* Release */,
			);
			defaultConfigurationIsVisible = 0;
			defaultConfigurationName = Release;
		};
/* End XCConfigurationList section */
	};
	rootObject = 720B18FB1B5E7B69008D261F /* Project object */;
}
